<?xml version="1.0" encoding="utf-8"?>
<Project ToolsVersion="4.0" xmlns="http://schemas.microsoft.com/developer/msbuild/2003">
  <ItemGroup>
    <Filter Include="Source Files">
      <UniqueIdentifier>{4FC737F1-C7A5-4376-A066-2A32D752A2FF}</UniqueIdentifier>
      <Extensions>cpp;c;cc;cxx;c++;cppm;ixx;def;odl;idl;hpj;bat;asm;asmx</Extensions>
    </Filter>
    <Filter Include="Utils">
      <UniqueIdentifier>{3f69ff2a-94e3-4892-aa27-1631ff150771}</UniqueIdentifier>
    </Filter>
    <Filter Include="GameObject">
      <UniqueIdentifier>{fe009911-4824-4067-8d85-47ad16f59252}</UniqueIdentifier>
    </Filter>
    <Filter Include="UI">
      <UniqueIdentifier>{a18ae739-1af5-40b7-912c-cf8e3b8ae824}</UniqueIdentifier>
    </Filter>
    <Filter Include="Thread">
      <UniqueIdentifier>{a527d2fb-93dd-4722-9a72-51dacbdb4318}</UniqueIdentifier>
    </Filter>
    <Filter Include="Textures">
      <UniqueIdentifier>{4e2204fa-f4d9-4cd6-973d-aff46313d7f8}</UniqueIdentifier>
    </Filter>
  </ItemGroup>
  <ItemGroup>
    <ClCompile Include="GDPARSM_Main_PASCUAL.cpp">
      <Filter>Source Files</Filter>
    </ClCompile>
    <ClCompile Include="MathUtils.cpp">
      <Filter>Utils</Filter>
    </ClCompile>
    <ClCompile Include="StringUtils.cpp">
      <Filter>Utils</Filter>
    </ClCompile>
    <ClCompile Include="AGameObject.cpp">
      <Filter>GameObject</Filter>
    </ClCompile>
    <ClCompile Include="BGObject.cpp">
      <Filter>GameObject</Filter>
    </ClCompile>
    <ClCompile Include="GameObjectManager.cpp">
      <Filter>GameObject</Filter>
    </ClCompile>
    <ClCompile Include="BaseRunner.cpp">
      <Filter>UI</Filter>
    </ClCompile>
    <ClCompile Include="FPSCounter.cpp">
      <Filter>UI</Filter>
    </ClCompile>
    <ClCompile Include="IconObject.cpp">
      <Filter>UI</Filter>
    </ClCompile>
    <ClCompile Include="IETThread.cpp">
      <Filter>Thread</Filter>
    </ClCompile>
    <ClCompile Include="TextureDisplay.cpp">
      <Filter>Textures</Filter>
    </ClCompile>
    <ClCompile Include="TextureManager.cpp">
      <Filter>Textures</Filter>
    </ClCompile>
  </ItemGroup>
  <ItemGroup>
    <ClInclude Include="MathUtils.h">
      <Filter>Utils</Filter>
    </ClInclude>
    <ClInclude Include="StringUtils.h">
      <Filter>Utils</Filter>
    </ClInclude>
    <ClInclude Include="AGameObject.h">
      <Filter>GameObject</Filter>
    </ClInclude>
    <ClInclude Include="BGObject.h">
      <Filter>GameObject</Filter>
    </ClInclude>
    <ClInclude Include="GameObjectManager.h">
      <Filter>GameObject</Filter>
    </ClInclude>
    <ClInclude Include="BaseRunner.h">
      <Filter>UI</Filter>
    </ClInclude>
    <ClInclude Include="FPSCounter.h">
      <Filter>UI</Filter>
    </ClInclude>
    <ClInclude Include="IconObject.h">
      <Filter>UI</Filter>
    </ClInclude>
    <ClInclude Include="IETThread.h">
      <Filter>Thread</Filter>
    </ClInclude>
    <ClInclude Include="TextureDisplay.h">
      <Filter>Textures</Filter>
    </ClInclude>
    <ClInclude Include="TextureManager.h">
      <Filter>Textures</Filter>
    </ClInclude>
  </ItemGroup>
  <ItemGroup>
    <None Include="desktop.ini">
      <Filter>Source Files</Filter>
    </None>
  </ItemGroup>
</Project>